Microsoft Visual Studio Solution File, Format Version 11.00
# Visual Studio 2008

Project("{2B218E0F-20FD-C8B3-0982-47840A578BDD}") = "RoboWars", "Assembly-CSharp-vs.csproj", "{C4AD118C-C601-A166-1DEB-1E66234D893A}"
EndProject
Global
	GlobalSection(SolutionConfigurationPlatforms) = preSolution
		Debug|Any CPU = Debug|Any CPU
		Release|Any CPU = Release|Any CPU
	EndGlobalSection
	GlobalSection(ProjectConfigurationPlatforms) = postSolution
		{C4AD118C-C601-A166-1DEB-1E66234D893A}.Debug|Any CPU.ActiveCfg = Debug|Any CPU
		{C4AD118C-C601-A166-1DEB-1E66234D893A}.Debug|Any CPU.Build.0 = Debug|Any CPU
		{C4AD118C-C601-A166-1DEB-1E66234D893A}.Release|Any CPU.ActiveCfg = Release|Any CPU
		{C4AD118C-C601-A166-1DEB-1E66234D893A}.Release|Any CPU.Build.0 = Release|Any CPU
	EndGlobalSection
	GlobalSection(SolutionProperties) = preSolution
		HideSolutionNode = FALSE
	EndGlobalSection
														GlobalSection(MonoDevelopProperties) = preSolution
		StartupItem = Assembly-CSharp.csproj
		Policies = $0
		$0.TextStylePolicy = $1
		$1.inheritsSet = null
		$1.scope = text/x-csharp
		$0.CSharpFormattingPolicy = $2
		$2.inheritsSet = Mono
		$2.inheritsScope = text/x-csharp
		$2.scope = text/x-csharp
		$0.TextStylePolicy = $3
		$3.FileWidth = 120
		$3.TabWidth = 4
		$3.IndentWidth = 4
		$3.EolMarker = Unix
		$3.inheritsSet = Mono
		$3.inheritsScope = text/plain
		$3.scope = text/plain
	EndGlobalSection

EndGlobal
